PODS:
  - SnapKit (5.0.1)
  - VK-ios-sdk (1.6.2)

DEPENDENCIES:
  - SnapKit (~> 5.0.0)
  - VK-ios-sdk

SPEC REPOS:
  trunk:
    - SnapKit
    - VK-ios-sdk

SPEC CHECKSUMS:
  SnapKit: 97b92857e3df3a0c71833cce143274bf6ef8e5eb
  VK-ios-sdk: 5bcf00a2014a7323f98db9328b603d4f96635caa

PODFILE CHECKSUM: 91b19a9beff49311eb4ff2d473587a35a2d32531

COCOAPODS: 1.10.2
